
Microsoft Visual Studio Solution File, Format Version 12.00
# Visual Studio Version 17
VisualStudioVersion = 17.9.34701.34
MinimumVisualStudioVersion = 10.0.40219.1
Project("{9A19103F-16F7-4668-BE54-9A1E7A4F7556}") = "SmartLibrary.API", "SmartLibrary.API\SmartLibrary.API.csproj", "{7FBAC70F-1155-4755-8CB9-F1CC6F762550}"
EndProject
Project("{9A19103F-16F7-4668-BE54-9A1E7A4F7556}") = "SmartLibrary.Contracts", "SmartLibrary.Contracts\SmartLibrary.Contracts.csproj", "{2CBA66DD-0838-4E34-A182-8C0BB1B32B74}"
EndProject
Project("{9A19103F-16F7-4668-BE54-9A1E7A4F7556}") = "SmartLibrary.Application", "SmartLibrary.Application\SmartLibrary.Application.csproj", "{F969EBBB-0A01-4536-BAD4-9AF704CDCFBD}"
EndProject
Project("{9A19103F-16F7-4668-BE54-9A1E7A4F7556}") = "SmartLibrary.Domain", "SmartLibrary.Domain\SmartLibrary.Domain.csproj", "{27194613-581B-48DA-8BFB-E81A04A02EE6}"
EndProject
Project("{9A19103F-16F7-4668-BE54-9A1E7A4F7556}") = "SmartLibrary.Infrastructure", "SmartLibrary.Infrastructure\SmartLibrary.Infrastructure.csproj", "{6CF8E267-E0DC-4946-B2AA-633266664EF6}"
EndProject
Project("{FAE04EC0-301F-11D3-BF4B-00C04F79EFBC}") = "SmartLibrary.Tests", "SmartLibrary.Tests\SmartLibrary.Tests.csproj", "{4E081AB3-6158-49AC-A72A-99231BC296DF}"
EndProject
Global
	GlobalSection(SolutionConfigurationPlatforms) = preSolution
		Debug|Any CPU = Debug|Any CPU
		Release|Any CPU = Release|Any CPU
	EndGlobalSection
	GlobalSection(ProjectConfigurationPlatforms) = postSolution
		{7FBAC70F-1155-4755-8CB9-F1CC6F762550}.Debug|Any CPU.ActiveCfg = Debug|Any CPU
		{7FBAC70F-1155-4755-8CB9-F1CC6F762550}.Debug|Any CPU.Build.0 = Debug|Any CPU
		{7FBAC70F-1155-4755-8CB9-F1CC6F762550}.Release|Any CPU.ActiveCfg = Release|Any CPU
		{7FBAC70F-1155-4755-8CB9-F1CC6F762550}.Release|Any CPU.Build.0 = Release|Any CPU
		{2CBA66DD-0838-4E34-A182-8C0BB1B32B74}.Debug|Any CPU.ActiveCfg = Debug|Any CPU
		{2CBA66DD-0838-4E34-A182-8C0BB1B32B74}.Debug|Any CPU.Build.0 = Debug|Any CPU
		{2CBA66DD-0838-4E34-A182-8C0BB1B32B74}.Release|Any CPU.ActiveCfg = Release|Any CPU
		{2CBA66DD-0838-4E34-A182-8C0BB1B32B74}.Release|Any CPU.Build.0 = Release|Any CPU
		{F969EBBB-0A01-4536-BAD4-9AF704CDCFBD}.Debug|Any CPU.ActiveCfg = Debug|Any CPU
		{F969EBBB-0A01-4536-BAD4-9AF704CDCFBD}.Debug|Any CPU.Build.0 = Debug|Any CPU
		{F969EBBB-0A01-4536-BAD4-9AF704CDCFBD}.Release|Any CPU.ActiveCfg = Release|Any CPU
		{F969EBBB-0A01-4536-BAD4-9AF704CDCFBD}.Release|Any CPU.Build.0 = Release|Any CPU
		{27194613-581B-48DA-8BFB-E81A04A02EE6}.Debug|Any CPU.ActiveCfg = Debug|Any CPU
		{27194613-581B-48DA-8BFB-E81A04A02EE6}.Debug|Any CPU.Build.0 = Debug|Any CPU
		{27194613-581B-48DA-8BFB-E81A04A02EE6}.Release|Any CPU.ActiveCfg = Release|Any CPU
		{27194613-581B-48DA-8BFB-E81A04A02EE6}.Release|Any CPU.Build.0 = Release|Any CPU
		{6CF8E267-E0DC-4946-B2AA-633266664EF6}.Debug|Any CPU.ActiveCfg = Debug|Any CPU
		{6CF8E267-E0DC-4946-B2AA-633266664EF6}.Debug|Any CPU.Build.0 = Debug|Any CPU
		{6CF8E267-E0DC-4946-B2AA-633266664EF6}.Release|Any CPU.ActiveCfg = Release|Any CPU
		{6CF8E267-E0DC-4946-B2AA-633266664EF6}.Release|Any CPU.Build.0 = Release|Any CPU
		{4E081AB3-6158-49AC-A72A-99231BC296DF}.Debug|Any CPU.ActiveCfg = Debug|Any CPU
		{4E081AB3-6158-49AC-A72A-99231BC296DF}.Debug|Any CPU.Build.0 = Debug|Any CPU
		{4E081AB3-6158-49AC-A72A-99231BC296DF}.Release|Any CPU.ActiveCfg = Release|Any CPU
		{4E081AB3-6158-49AC-A72A-99231BC296DF}.Release|Any CPU.Build.0 = Release|Any CPU
	EndGlobalSection
	GlobalSection(SolutionProperties) = preSolution
		HideSolutionNode = FALSE
	EndGlobalSection
	GlobalSection(ExtensibilityGlobals) = postSolution
		SolutionGuid = {9E9B8489-DE23-4A9E-8ACE-BBFEFEA24203}
	EndGlobalSection
EndGlobal
